# This is a Gradle generated file for dependency locking.
# Manual edits can break the build and are not advised.
# This file is expected to be part of source control.
androidx.activity:activity-compose:1.10.1=devDebugCompileClasspath,devDebugRuntimeClasspath,devReleaseCompileClasspath,devReleaseRuntimeClasspath,prodDebugCompileClasspath,prodDebugRuntimeClasspath,prodReleaseCompileClasspath,prodReleaseRuntimeClasspath
androidx.activity:activity-ktx:1.10.1=devDebugCompileClasspath,devDebugRuntimeClasspath,devReleaseCompileClasspath,devReleaseRuntimeClasspath,prodDebugCompileClasspath,prodDebugRuntimeClasspath,prodReleaseCompileClasspath,prodReleaseRuntimeClasspath
androidx.activity:activity:1.10.1=devDebugCompileClasspath,devDebugRuntimeClasspath,devReleaseCompileClasspath,devReleaseRuntimeClasspath,prodDebugCompileClasspath,prodDebugRuntimeClasspath,prodReleaseCompileClasspath,prodReleaseRuntimeClasspath
androidx.annotation:annotation-experimental:1.4.1=devDebugCompileClasspath,devDebugRuntimeClasspath,devReleaseCompileClasspath,devReleaseRuntimeClasspath,prodDebugCompileClasspath,prodDebugRuntimeClasspath,prodReleaseCompileClasspath,prodReleaseRuntimeClasspath
androidx.annotation:annotation-jvm:1.9.1=devDebugCompileClasspath,devDebugRuntimeClasspath,devReleaseCompileClasspath,devReleaseRuntimeClasspath,prodDebugCompileClasspath,prodDebugRuntimeClasspath,prodReleaseCompileClasspath,prodReleaseRuntimeClasspath
androidx.annotation:annotation:1.9.1=devDebugCompileClasspath,devDebugRuntimeClasspath,devReleaseCompileClasspath,devReleaseRuntimeClasspath,prodDebugCompileClasspath,prodDebugRuntimeClasspath,prodReleaseCompileClasspath,prodReleaseRuntimeClasspath
androidx.arch.core:core-common:2.2.0=devDebugCompileClasspath,devDebugRuntimeClasspath,devReleaseCompileClasspath,devReleaseRuntimeClasspath,prodDebugCompileClasspath,prodDebugRuntimeClasspath,prodReleaseCompileClasspath,prodReleaseRuntimeClasspath
androidx.arch.core:core-runtime:2.2.0=devDebugRuntimeClasspath,devReleaseRuntimeClasspath,prodDebugRuntimeClasspath,prodReleaseRuntimeClasspath
androidx.autofill:autofill:1.0.0=devDebugRuntimeClasspath,devReleaseRuntimeClasspath,prodDebugRuntimeClasspath,prodReleaseRuntimeClasspath
androidx.collection:collection-jvm:1.5.0=devDebugCompileClasspath,devDebugRuntimeClasspath,devReleaseCompileClasspath,devReleaseRuntimeClasspath,prodDebugCompileClasspath,prodDebugRuntimeClasspath,prodReleaseCompileClasspath,prodReleaseRuntimeClasspath
androidx.collection:collection-ktx:1.5.0=devDebugRuntimeClasspath,devReleaseRuntimeClasspath,prodDebugRuntimeClasspath,prodReleaseRuntimeClasspath
androidx.collection:collection:1.5.0=devDebugCompileClasspath,devDebugRuntimeClasspath,devReleaseCompileClasspath,devReleaseRuntimeClasspath,prodDebugCompileClasspath,prodDebugRuntimeClasspath,prodReleaseCompileClasspath,prodReleaseRuntimeClasspath
androidx.compose.animation:animation-android:1.8.2=devDebugCompileClasspath,devDebugRuntimeClasspath,devReleaseCompileClasspath,devReleaseRuntimeClasspath,prodDebugCompileClasspath,prodDebugRuntimeClasspath,prodReleaseCompileClasspath,prodReleaseRuntimeClasspath
androidx.compose.animation:animation-core-android:1.8.2=devDebugCompileClasspath,devDebugRuntimeClasspath,devReleaseCompileClasspath,devReleaseRuntimeClasspath,prodDebugCompileClasspath,prodDebugRuntimeClasspath,prodReleaseCompileClasspath,prodReleaseRuntimeClasspath
androidx.compose.animation:animation-core:1.8.2=devDebugCompileClasspath,devDebugRuntimeClasspath,devReleaseCompileClasspath,devReleaseRuntimeClasspath,prodDebugCompileClasspath,prodDebugRuntimeClasspath,prodReleaseCompileClasspath,prodReleaseRuntimeClasspath
androidx.compose.animation:animation:1.8.2=devDebugCompileClasspath,devDebugRuntimeClasspath,devReleaseCompileClasspath,devReleaseRuntimeClasspath,prodDebugCompileClasspath,prodDebugRuntimeClasspath,prodReleaseCompileClasspath,prodReleaseRuntimeClasspath
androidx.compose.foundation:foundation-android:1.8.2=devDebugCompileClasspath,devDebugRuntimeClasspath,devReleaseCompileClasspath,devReleaseRuntimeClasspath,prodDebugCompileClasspath,prodDebugRuntimeClasspath,prodReleaseCompileClasspath,prodReleaseRuntimeClasspath
androidx.compose.foundation:foundation-layout-android:1.8.2=devDebugCompileClasspath,devDebugRuntimeClasspath,devReleaseCompileClasspath,devReleaseRuntimeClasspath,prodDebugCompileClasspath,prodDebugRuntimeClasspath,prodReleaseCompileClasspath,prodReleaseRuntimeClasspath
androidx.compose.foundation:foundation-layout:1.8.2=devDebugCompileClasspath,devDebugRuntimeClasspath,devReleaseCompileClasspath,devReleaseRuntimeClasspath,prodDebugCompileClasspath,prodDebugRuntimeClasspath,prodReleaseCompileClasspath,prodReleaseRuntimeClasspath
androidx.compose.foundation:foundation:1.8.2=devDebugCompileClasspath,devDebugRuntimeClasspath,devReleaseCompileClasspath,devReleaseRuntimeClasspath,prodDebugCompileClasspath,prodDebugRuntimeClasspath,prodReleaseCompileClasspath,prodReleaseRuntimeClasspath
androidx.compose.material3:material3-android:1.3.2=devDebugCompileClasspath,devDebugRuntimeClasspath,devReleaseCompileClasspath,devReleaseRuntimeClasspath,prodDebugCompileClasspath,prodDebugRuntimeClasspath,prodReleaseCompileClasspath,prodReleaseRuntimeClasspath
androidx.compose.material3:material3:1.3.2=devDebugCompileClasspath,devDebugRuntimeClasspath,devReleaseCompileClasspath,devReleaseRuntimeClasspath,prodDebugCompileClasspath,prodDebugRuntimeClasspath,prodReleaseCompileClasspath,prodReleaseRuntimeClasspath
androidx.compose.material:material-android:1.8.2=devDebugRuntimeClasspath,prodDebugRuntimeClasspath
androidx.compose.material:material-icons-core-android:1.7.8=devDebugCompileClasspath,devDebugRuntimeClasspath,devReleaseCompileClasspath,devReleaseRuntimeClasspath,prodDebugCompileClasspath,prodDebugRuntimeClasspath,prodReleaseCompileClasspath,prodReleaseRuntimeClasspath
androidx.compose.material:material-icons-core:1.7.8=devDebugCompileClasspath,devDebugRuntimeClasspath,devReleaseCompileClasspath,devReleaseRuntimeClasspath,prodDebugCompileClasspath,prodDebugRuntimeClasspath,prodReleaseCompileClasspath,prodReleaseRuntimeClasspath
androidx.compose.material:material-ripple-android:1.8.2=devDebugCompileClasspath,devDebugRuntimeClasspath,devReleaseCompileClasspath,devReleaseRuntimeClasspath,prodDebugCompileClasspath,prodDebugRuntimeClasspath,prodReleaseCompileClasspath,prodReleaseRuntimeClasspath
androidx.compose.material:material-ripple:1.8.2=devDebugCompileClasspath,devDebugRuntimeClasspath,devReleaseCompileClasspath,devReleaseRuntimeClasspath,prodDebugCompileClasspath,prodDebugRuntimeClasspath,prodReleaseCompileClasspath,prodReleaseRuntimeClasspath
androidx.compose.material:material:1.8.2=devDebugRuntimeClasspath,prodDebugRuntimeClasspath
androidx.compose.runtime:runtime-android:1.8.2=devDebugCompileClasspath,devDebugRuntimeClasspath,devReleaseCompileClasspath,devReleaseRuntimeClasspath,prodDebugCompileClasspath,prodDebugRuntimeClasspath,prodReleaseCompileClasspath,prodReleaseRuntimeClasspath
androidx.compose.runtime:runtime-saveable-android:1.8.2=devDebugCompileClasspath,devDebugRuntimeClasspath,devReleaseCompileClasspath,devReleaseRuntimeClasspath,prodDebugCompileClasspath,prodDebugRuntimeClasspath,prodReleaseCompileClasspath,prodReleaseRuntimeClasspath
androidx.compose.runtime:runtime-saveable:1.8.2=devDebugCompileClasspath,devDebugRuntimeClasspath,devReleaseCompileClasspath,devReleaseRuntimeClasspath,prodDebugCompileClasspath,prodDebugRuntimeClasspath,prodReleaseCompileClasspath,prodReleaseRuntimeClasspath
androidx.compose.runtime:runtime:1.8.2=devDebugCompileClasspath,devDebugRuntimeClasspath,devReleaseCompileClasspath,devReleaseRuntimeClasspath,prodDebugCompileClasspath,prodDebugRuntimeClasspath,prodReleaseCompileClasspath,prodReleaseRuntimeClasspath
androidx.compose.ui:ui-android:1.8.2=devDebugCompileClasspath,devDebugRuntimeClasspath,devReleaseCompileClasspath,devReleaseRuntimeClasspath,prodDebugCompileClasspath,prodDebugRuntimeClasspath,prodReleaseCompileClasspath,prodReleaseRuntimeClasspath
androidx.compose.ui:ui-geometry-android:1.8.2=devDebugCompileClasspath,devDebugRuntimeClasspath,devReleaseCompileClasspath,devReleaseRuntimeClasspath,prodDebugCompileClasspath,prodDebugRuntimeClasspath,prodReleaseCompileClasspath,prodReleaseRuntimeClasspath
androidx.compose.ui:ui-geometry:1.8.2=devDebugCompileClasspath,devDebugRuntimeClasspath,devReleaseCompileClasspath,devReleaseRuntimeClasspath,prodDebugCompileClasspath,prodDebugRuntimeClasspath,prodReleaseCompileClasspath,prodReleaseRuntimeClasspath
androidx.compose.ui:ui-graphics-android:1.8.2=devDebugCompileClasspath,devDebugRuntimeClasspath,devReleaseCompileClasspath,devReleaseRuntimeClasspath,prodDebugCompileClasspath,prodDebugRuntimeClasspath,prodReleaseCompileClasspath,prodReleaseRuntimeClasspath
androidx.compose.ui:ui-graphics:1.8.2=devDebugCompileClasspath,devDebugRuntimeClasspath,devReleaseCompileClasspath,devReleaseRuntimeClasspath,prodDebugCompileClasspath,prodDebugRuntimeClasspath,prodReleaseCompileClasspath,prodReleaseRuntimeClasspath
androidx.compose.ui:ui-test-manifest:1.8.2=devDebugCompileClasspath,devDebugRuntimeClasspath,prodDebugCompileClasspath,prodDebugRuntimeClasspath
androidx.compose.ui:ui-text-android:1.8.2=devDebugCompileClasspath,devDebugRuntimeClasspath,devReleaseCompileClasspath,devReleaseRuntimeClasspath,prodDebugCompileClasspath,prodDebugRuntimeClasspath,prodReleaseCompileClasspath,prodReleaseRuntimeClasspath
androidx.compose.ui:ui-text:1.8.2=devDebugCompileClasspath,devDebugRuntimeClasspath,devReleaseCompileClasspath,devReleaseRuntimeClasspath,prodDebugCompileClasspath,prodDebugRuntimeClasspath,prodReleaseCompileClasspath,prodReleaseRuntimeClasspath
androidx.compose.ui:ui-tooling-android:1.8.2=devDebugCompileClasspath,devDebugRuntimeClasspath,prodDebugCompileClasspath,prodDebugRuntimeClasspath
androidx.compose.ui:ui-tooling-data-android:1.8.2=devDebugCompileClasspath,devDebugRuntimeClasspath,prodDebugCompileClasspath,prodDebugRuntimeClasspath
androidx.compose.ui:ui-tooling-data:1.8.2=devDebugCompileClasspath,devDebugRuntimeClasspath,prodDebugCompileClasspath,prodDebugRuntimeClasspath
androidx.compose.ui:ui-tooling-preview-android:1.8.2=devDebugCompileClasspath,devDebugRuntimeClasspath,devReleaseCompileClasspath,devReleaseRuntimeClasspath,prodDebugCompileClasspath,prodDebugRuntimeClasspath,prodReleaseCompileClasspath,prodReleaseRuntimeClasspath
androidx.compose.ui:ui-tooling-preview:1.8.2=devDebugCompileClasspath,devDebugRuntimeClasspath,devReleaseCompileClasspath,devReleaseRuntimeClasspath,prodDebugCompileClasspath,prodDebugRuntimeClasspath,prodReleaseCompileClasspath,prodReleaseRuntimeClasspath
androidx.compose.ui:ui-tooling:1.8.2=devDebugCompileClasspath,devDebugRuntimeClasspath,prodDebugCompileClasspath,prodDebugRuntimeClasspath
androidx.compose.ui:ui-unit-android:1.8.2=devDebugCompileClasspath,devDebugRuntimeClasspath,devReleaseCompileClasspath,devReleaseRuntimeClasspath,prodDebugCompileClasspath,prodDebugRuntimeClasspath,prodReleaseCompileClasspath,prodReleaseRuntimeClasspath
androidx.compose.ui:ui-unit:1.8.2=devDebugCompileClasspath,devDebugRuntimeClasspath,devReleaseCompileClasspath,devReleaseRuntimeClasspath,prodDebugCompileClasspath,prodDebugRuntimeClasspath,prodReleaseCompileClasspath,prodReleaseRuntimeClasspath
androidx.compose.ui:ui-util-android:1.8.2=devDebugCompileClasspath,devDebugRuntimeClasspath,devReleaseCompileClasspath,devReleaseRuntimeClasspath,prodDebugCompileClasspath,prodDebugRuntimeClasspath,prodReleaseCompileClasspath,prodReleaseRuntimeClasspath
androidx.compose.ui:ui-util:1.8.2=devDebugCompileClasspath,devDebugRuntimeClasspath,devReleaseCompileClasspath,devReleaseRuntimeClasspath,prodDebugCompileClasspath,prodDebugRuntimeClasspath,prodReleaseCompileClasspath,prodReleaseRuntimeClasspath
androidx.compose.ui:ui:1.8.2=devDebugCompileClasspath,devDebugRuntimeClasspath,devReleaseCompileClasspath,devReleaseRuntimeClasspath,prodDebugCompileClasspath,prodDebugRuntimeClasspath,prodReleaseCompileClasspath,prodReleaseRuntimeClasspath
androidx.compose:compose-bom:2025.06.00=devDebugCompileClasspath,devDebugRuntimeClasspath,devReleaseCompileClasspath,devReleaseRuntimeClasspath,prodDebugCompileClasspath,prodDebugRuntimeClasspath,prodReleaseCompileClasspath,prodReleaseRuntimeClasspath
androidx.concurrent:concurrent-futures:1.1.0=devDebugRuntimeClasspath,devReleaseRuntimeClasspath,prodDebugRuntimeClasspath,prodReleaseRuntimeClasspath
androidx.core:core-ktx:1.16.0=devDebugCompileClasspath,devDebugRuntimeClasspath,devReleaseCompileClasspath,devReleaseRuntimeClasspath,prodDebugCompileClasspath,prodDebugRuntimeClasspath,prodReleaseCompileClasspath,prodReleaseRuntimeClasspath
androidx.core:core-viewtree:1.0.0=devDebugCompileClasspath,devDebugRuntimeClasspath,devReleaseCompileClasspath,devReleaseRuntimeClasspath,prodDebugCompileClasspath,prodDebugRuntimeClasspath,prodReleaseCompileClasspath,prodReleaseRuntimeClasspath
androidx.core:core:1.16.0=devDebugCompileClasspath,devDebugRuntimeClasspath,devReleaseCompileClasspath,devReleaseRuntimeClasspath,prodDebugCompileClasspath,prodDebugRuntimeClasspath,prodReleaseCompileClasspath,prodReleaseRuntimeClasspath
androidx.customview:customview-poolingcontainer:1.0.0=devDebugRuntimeClasspath,devReleaseRuntimeClasspath,prodDebugRuntimeClasspath,prodReleaseRuntimeClasspath
androidx.emoji2:emoji2:1.4.0=devDebugRuntimeClasspath,devReleaseRuntimeClasspath,prodDebugRuntimeClasspath,prodReleaseRuntimeClasspath
androidx.graphics:graphics-path:1.0.1=devDebugRuntimeClasspath,devReleaseRuntimeClasspath,prodDebugRuntimeClasspath,prodReleaseRuntimeClasspath
androidx.interpolator:interpolator:1.0.0=devDebugRuntimeClasspath,devReleaseRuntimeClasspath,prodDebugRuntimeClasspath,prodReleaseRuntimeClasspath
androidx.lifecycle:lifecycle-common-java8:2.9.1=devDebugRuntimeClasspath,devReleaseRuntimeClasspath,prodDebugRuntimeClasspath,prodReleaseRuntimeClasspath
androidx.lifecycle:lifecycle-common-jvm:2.9.1=devDebugCompileClasspath,devDebugRuntimeClasspath,devReleaseCompileClasspath,devReleaseRuntimeClasspath,prodDebugCompileClasspath,prodDebugRuntimeClasspath,prodReleaseCompileClasspath,prodReleaseRuntimeClasspath
androidx.lifecycle:lifecycle-common:2.9.1=devDebugCompileClasspath,devDebugRuntimeClasspath,devReleaseCompileClasspath,devReleaseRuntimeClasspath,prodDebugCompileClasspath,prodDebugRuntimeClasspath,prodReleaseCompileClasspath,prodReleaseRuntimeClasspath
androidx.lifecycle:lifecycle-livedata-core:2.9.1=devDebugCompileClasspath,devDebugRuntimeClasspath,devReleaseCompileClasspath,devReleaseRuntimeClasspath,prodDebugCompileClasspath,prodDebugRuntimeClasspath,prodReleaseCompileClasspath,prodReleaseRuntimeClasspath
androidx.lifecycle:lifecycle-process:2.9.1=devDebugRuntimeClasspath,devReleaseRuntimeClasspath,prodDebugRuntimeClasspath,prodReleaseRuntimeClasspath
androidx.lifecycle:lifecycle-runtime-android:2.9.1=devDebugCompileClasspath,devDebugRuntimeClasspath,devReleaseCompileClasspath,devReleaseRuntimeClasspath,prodDebugCompileClasspath,prodDebugRuntimeClasspath,prodReleaseCompileClasspath,prodReleaseRuntimeClasspath
androidx.lifecycle:lifecycle-runtime-compose-android:2.9.1=devDebugCompileClasspath,devDebugRuntimeClasspath,devReleaseCompileClasspath,devReleaseRuntimeClasspath,prodDebugCompileClasspath,prodDebugRuntimeClasspath,prodReleaseCompileClasspath,prodReleaseRuntimeClasspath
androidx.lifecycle:lifecycle-runtime-compose:2.9.1=devDebugCompileClasspath,devDebugRuntimeClasspath,devReleaseCompileClasspath,devReleaseRuntimeClasspath,prodDebugCompileClasspath,prodDebugRuntimeClasspath,prodReleaseCompileClasspath,prodReleaseRuntimeClasspath
androidx.lifecycle:lifecycle-runtime-ktx-android:2.9.1=devDebugCompileClasspath,devDebugRuntimeClasspath,devReleaseCompileClasspath,devReleaseRuntimeClasspath,prodDebugCompileClasspath,prodDebugRuntimeClasspath,prodReleaseCompileClasspath,prodReleaseRuntimeClasspath
androidx.lifecycle:lifecycle-runtime-ktx:2.9.1=devDebugCompileClasspath,devDebugRuntimeClasspath,devReleaseCompileClasspath,devReleaseRuntimeClasspath,prodDebugCompileClasspath,prodDebugRuntimeClasspath,prodReleaseCompileClasspath,prodReleaseRuntimeClasspath
androidx.lifecycle:lifecycle-runtime:2.9.1=devDebugCompileClasspath,devDebugRuntimeClasspath,devReleaseCompileClasspath,devReleaseRuntimeClasspath,prodDebugCompileClasspath,prodDebugRuntimeClasspath,prodReleaseCompileClasspath,prodReleaseRuntimeClasspath
androidx.lifecycle:lifecycle-viewmodel-android:2.9.1=devDebugCompileClasspath,devDebugRuntimeClasspath,devReleaseCompileClasspath,devReleaseRuntimeClasspath,prodDebugCompileClasspath,prodDebugRuntimeClasspath,prodReleaseCompileClasspath,prodReleaseRuntimeClasspath
androidx.lifecycle:lifecycle-viewmodel-ktx:2.9.1=devDebugCompileClasspath,devDebugRuntimeClasspath,devReleaseCompileClasspath,devReleaseRuntimeClasspath,prodDebugCompileClasspath,prodDebugRuntimeClasspath,prodReleaseCompileClasspath,prodReleaseRuntimeClasspath
androidx.lifecycle:lifecycle-viewmodel-savedstate-android:2.9.1=devDebugCompileClasspath,devDebugRuntimeClasspath,devReleaseCompileClasspath,devReleaseRuntimeClasspath,prodDebugCompileClasspath,prodDebugRuntimeClasspath,prodReleaseCompileClasspath,prodReleaseRuntimeClasspath
androidx.lifecycle:lifecycle-viewmodel-savedstate:2.9.1=devDebugCompileClasspath,devDebugRuntimeClasspath,devReleaseCompileClasspath,devReleaseRuntimeClasspath,prodDebugCompileClasspath,prodDebugRuntimeClasspath,prodReleaseCompileClasspath,prodReleaseRuntimeClasspath
androidx.lifecycle:lifecycle-viewmodel:2.9.1=devDebugCompileClasspath,devDebugRuntimeClasspath,devReleaseCompileClasspath,devReleaseRuntimeClasspath,prodDebugCompileClasspath,prodDebugRuntimeClasspath,prodReleaseCompileClasspath,prodReleaseRuntimeClasspath
androidx.profileinstaller:profileinstaller:1.4.0=devDebugRuntimeClasspath,devReleaseRuntimeClasspath,prodDebugRuntimeClasspath,prodReleaseRuntimeClasspath
androidx.savedstate:savedstate-android:1.3.0=devDebugCompileClasspath,devDebugRuntimeClasspath,devReleaseCompileClasspath,devReleaseRuntimeClasspath,prodDebugCompileClasspath,prodDebugRuntimeClasspath,prodReleaseCompileClasspath,prodReleaseRuntimeClasspath
androidx.savedstate:savedstate-ktx:1.3.0=devDebugCompileClasspath,devDebugRuntimeClasspath,devReleaseCompileClasspath,devReleaseRuntimeClasspath,prodDebugCompileClasspath,prodDebugRuntimeClasspath,prodReleaseCompileClasspath,prodReleaseRuntimeClasspath
androidx.savedstate:savedstate:1.3.0=devDebugCompileClasspath,devDebugRuntimeClasspath,devReleaseCompileClasspath,devReleaseRuntimeClasspath,prodDebugCompileClasspath,prodDebugRuntimeClasspath,prodReleaseCompileClasspath,prodReleaseRuntimeClasspath
androidx.startup:startup-runtime:1.1.1=devDebugRuntimeClasspath,devReleaseRuntimeClasspath,prodDebugRuntimeClasspath,prodReleaseRuntimeClasspath
androidx.tracing:tracing:1.2.0=devDebugRuntimeClasspath,devReleaseRuntimeClasspath,prodDebugRuntimeClasspath,prodReleaseRuntimeClasspath
androidx.versionedparcelable:versionedparcelable:1.1.1=devDebugCompileClasspath,devDebugRuntimeClasspath,devReleaseCompileClasspath,devReleaseRuntimeClasspath,prodDebugCompileClasspath,prodDebugRuntimeClasspath,prodReleaseCompileClasspath,prodReleaseRuntimeClasspath
com.google.code.gson:gson:2.10.1=devDebugCompileClasspath,devDebugRuntimeClasspath,devReleaseCompileClasspath,devReleaseRuntimeClasspath,prodDebugCompileClasspath,prodDebugRuntimeClasspath,prodReleaseCompileClasspath,prodReleaseRuntimeClasspath
com.google.guava:listenablefuture:1.0=devDebugRuntimeClasspath,devReleaseRuntimeClasspath,prodDebugRuntimeClasspath,prodReleaseRuntimeClasspath
com.squareup.okhttp3:logging-interceptor:3.3.1=devDebugCompileClasspath,devDebugRuntimeClasspath,devReleaseCompileClasspath,devReleaseRuntimeClasspath,prodDebugCompileClasspath,prodDebugRuntimeClasspath,prodReleaseCompileClasspath,prodReleaseRuntimeClasspath
com.squareup.okhttp3:okhttp:3.14.7=devDebugCompileClasspath,devDebugRuntimeClasspath,devReleaseCompileClasspath,devReleaseRuntimeClasspath,prodDebugCompileClasspath,prodDebugRuntimeClasspath,prodReleaseCompileClasspath,prodReleaseRuntimeClasspath
com.squareup.okio:okio:1.17.2=devDebugCompileClasspath,devDebugRuntimeClasspath,devReleaseCompileClasspath,devReleaseRuntimeClasspath,prodDebugCompileClasspath,prodDebugRuntimeClasspath,prodReleaseCompileClasspath,prodReleaseRuntimeClasspath
com.squareup.retrofit2:converter-gson:2.8.1=devDebugCompileClasspath,devDebugRuntimeClasspath,devReleaseCompileClasspath,devReleaseRuntimeClasspath,prodDebugCompileClasspath,prodDebugRuntimeClasspath,prodReleaseCompileClasspath,prodReleaseRuntimeClasspath
com.squareup.retrofit2:retrofit:2.8.1=devDebugCompileClasspath,devDebugRuntimeClasspath,devReleaseCompileClasspath,devReleaseRuntimeClasspath,prodDebugCompileClasspath,prodDebugRuntimeClasspath,prodReleaseCompileClasspath,prodReleaseRuntimeClasspath
org.jetbrains.kotlin:kotlin-stdlib-common:2.0.21=devDebugCompileClasspath,devDebugRuntimeClasspath,devReleaseCompileClasspath,devReleaseRuntimeClasspath,prodDebugCompileClasspath,prodDebugRuntimeClasspath,prodReleaseCompileClasspath,prodReleaseRuntimeClasspath
org.jetbrains.kotlin:kotlin-stdlib-jdk7:1.8.20=devDebugCompileClasspath,devDebugRuntimeClasspath,devReleaseCompileClasspath,devReleaseRuntimeClasspath,prodDebugCompileClasspath,prodDebugRuntimeClasspath,prodReleaseCompileClasspath,prodReleaseRuntimeClasspath
org.jetbrains.kotlin:kotlin-stdlib-jdk8:1.8.20=devDebugCompileClasspath,devDebugRuntimeClasspath,devReleaseCompileClasspath,devReleaseRuntimeClasspath,prodDebugCompileClasspath,prodDebugRuntimeClasspath,prodReleaseCompileClasspath,prodReleaseRuntimeClasspath
org.jetbrains.kotlin:kotlin-stdlib:2.0.21=devDebugCompileClasspath,devDebugRuntimeClasspath,devReleaseCompileClasspath,devReleaseRuntimeClasspath,prodDebugCompileClasspath,prodDebugRuntimeClasspath,prodReleaseCompileClasspath,prodReleaseRuntimeClasspath
org.jetbrains.kotlinx:kotlinx-coroutines-android:1.7.3=devDebugCompileClasspath,devDebugRuntimeClasspath,devReleaseCompileClasspath,devReleaseRuntimeClasspath,prodDebugCompileClasspath,prodDebugRuntimeClasspath,prodReleaseCompileClasspath,prodReleaseRuntimeClasspath
org.jetbrains.kotlinx:kotlinx-coroutines-bom:1.7.3=devDebugCompileClasspath,devDebugRuntimeClasspath,devReleaseCompileClasspath,devReleaseRuntimeClasspath,prodDebugCompileClasspath,prodDebugRuntimeClasspath,prodReleaseCompileClasspath,prodReleaseRuntimeClasspath
org.jetbrains.kotlinx:kotlinx-coroutines-core-jvm:1.7.3=devDebugCompileClasspath,devDebugRuntimeClasspath,devReleaseCompileClasspath,devReleaseRuntimeClasspath,prodDebugCompileClasspath,prodDebugRuntimeClasspath,prodReleaseCompileClasspath,prodReleaseRuntimeClasspath
org.jetbrains.kotlinx:kotlinx-coroutines-core:1.7.3=devDebugCompileClasspath,devDebugRuntimeClasspath,devReleaseCompileClasspath,devReleaseRuntimeClasspath,prodDebugCompileClasspath,prodDebugRuntimeClasspath,prodReleaseCompileClasspath,prodReleaseRuntimeClasspath
org.jetbrains.kotlinx:kotlinx-serialization-bom:1.7.3=devDebugCompileClasspath,devDebugRuntimeClasspath,devReleaseCompileClasspath,devReleaseRuntimeClasspath,prodDebugCompileClasspath,prodDebugRuntimeClasspath,prodReleaseCompileClasspath,prodReleaseRuntimeClasspath
org.jetbrains.kotlinx:kotlinx-serialization-core-jvm:1.7.3=devDebugCompileClasspath,devDebugRuntimeClasspath,devReleaseCompileClasspath,devReleaseRuntimeClasspath,prodDebugCompileClasspath,prodDebugRuntimeClasspath,prodReleaseCompileClasspath,prodReleaseRuntimeClasspath
org.jetbrains.kotlinx:kotlinx-serialization-core:1.7.3=devDebugCompileClasspath,devDebugRuntimeClasspath,devReleaseCompileClasspath,devReleaseRuntimeClasspath,prodDebugCompileClasspath,prodDebugRuntimeClasspath,prodReleaseCompileClasspath,prodReleaseRuntimeClasspath
org.jetbrains:annotations:23.0.0=devDebugCompileClasspath,devDebugRuntimeClasspath,devReleaseCompileClasspath,devReleaseRuntimeClasspath,prodDebugCompileClasspath,prodDebugRuntimeClasspath,prodReleaseCompileClasspath,prodReleaseRuntimeClasspath
org.jspecify:jspecify:1.0.0=devDebugCompileClasspath,devDebugRuntimeClasspath,devReleaseCompileClasspath,devReleaseRuntimeClasspath,prodDebugCompileClasspath,prodDebugRuntimeClasspath,prodReleaseCompileClasspath,prodReleaseRuntimeClasspath
empty=devDebugCompileClasspathCopy,devDebugRuntimeClasspathCopy,devReleaseCompileClasspathCopy,devReleaseRuntimeClasspathCopy,prodDebugCompileClasspathCopy,prodDebugRuntimeClasspathCopy,prodReleaseCompileClasspathCopy,prodReleaseRuntimeClasspathCopy
